
Microsoft Visual Studio Solution File, Format Version 12.00
# Visual Studio 15
VisualStudioVersion = 15.0.33026.149
MinimumVisualStudioVersion = 10.0.40219.1
Project("{FAE04EC0-301F-11D3-BF4B-00C04F79EFBC}") = "TrackerLibrary", "TrackerLibrary\TrackerLibrary.csproj", "{2265C441-3B1D-450A-B527-54F2029E7917}"
EndProject
Project("{FAE04EC0-301F-11D3-BF4B-00C04F79EFBC}") = "TournamentTrackerUI", "TournamentTrackerUI\TournamentTrackerUI.csproj", "{8C6BA9BD-191D-4897-9193-41E57F8AF989}"
EndProject
Global
	GlobalSection(SolutionConfigurationPlatforms) = preSolution
		Debug|Any CPU = Debug|Any CPU
		Release|Any CPU = Release|Any CPU
	EndGlobalSection
	GlobalSection(ProjectConfigurationPlatforms) = postSolution
		{2265C441-3B1D-450A-B527-54F2029E7917}.Debug|Any CPU.ActiveCfg = Debug|Any CPU
		{2265C441-3B1D-450A-B527-54F2029E7917}.Debug|Any CPU.Build.0 = Debug|Any CPU
		{2265C441-3B1D-450A-B527-54F2029E7917}.Release|Any CPU.ActiveCfg = Release|Any CPU
		{2265C441-3B1D-450A-B527-54F2029E7917}.Release|Any CPU.Build.0 = Release|Any CPU
		{8C6BA9BD-191D-4897-9193-41E57F8AF989}.Debug|Any CPU.ActiveCfg = Debug|Any CPU
		{8C6BA9BD-191D-4897-9193-41E57F8AF989}.Debug|Any CPU.Build.0 = Debug|Any CPU
		{8C6BA9BD-191D-4897-9193-41E57F8AF989}.Release|Any CPU.ActiveCfg = Release|Any CPU
		{8C6BA9BD-191D-4897-9193-41E57F8AF989}.Release|Any CPU.Build.0 = Release|Any CPU
	EndGlobalSection
	GlobalSection(SolutionProperties) = preSolution
		HideSolutionNode = FALSE
	EndGlobalSection
	GlobalSection(ExtensibilityGlobals) = postSolution
		SolutionGuid = {7BDD50BF-6F16-45F8-85F6-F4B12A6106A4}
	EndGlobalSection
EndGlobal
